
Microsoft Visual Studio Solution File, Format Version 12.00
# Visual Studio Version 17
VisualStudioVersion = 17.10.34916.146
MinimumVisualStudioVersion = 10.0.40219.1
Project("{9A19103F-16F7-4668-BE54-9A1E7A4F7556}") = "LeetCode", "LeetCode\LeetCode.csproj", "{3B2DA778-7BBF-4E9B-BEC9-553D50676E4E}"
EndProject
Project("{9A19103F-16F7-4668-BE54-9A1E7A4F7556}") = "LeetCode1", "LeetCode1\LeetCode1.csproj", "{C1609DB6-87D3-424A-99D5-0663AAEC3E62}"
EndProject
Project("{9A19103F-16F7-4668-BE54-9A1E7A4F7556}") = "NumeroDoPalindromo", "NumeroDoPalindromo\NumeroDoPalindromo.csproj", "{20E32086-6ED4-4B8C-B9D7-810E807D5AA7}"
EndProject
Project("{FAE04EC0-301F-11D3-BF4B-00C04F79EFBC}") = "DesafioArray", "DesafioArray\DesafioArray.csproj", "{369A0380-2CE0-481C-9BF4-709A677A1DB6}"
EndProject
Global
	GlobalSection(SolutionConfigurationPlatforms) = preSolution
		Debug|Any CPU = Debug|Any CPU
		Release|Any CPU = Release|Any CPU
	EndGlobalSection
	GlobalSection(ProjectConfigurationPlatforms) = postSolution
		{3B2DA778-7BBF-4E9B-BEC9-553D50676E4E}.Debug|Any CPU.ActiveCfg = Debug|Any CPU
		{3B2DA778-7BBF-4E9B-BEC9-553D50676E4E}.Debug|Any CPU.Build.0 = Debug|Any CPU
		{3B2DA778-7BBF-4E9B-BEC9-553D50676E4E}.Release|Any CPU.ActiveCfg = Release|Any CPU
		{3B2DA778-7BBF-4E9B-BEC9-553D50676E4E}.Release|Any CPU.Build.0 = Release|Any CPU
		{C1609DB6-87D3-424A-99D5-0663AAEC3E62}.Debug|Any CPU.ActiveCfg = Debug|Any CPU
		{C1609DB6-87D3-424A-99D5-0663AAEC3E62}.Debug|Any CPU.Build.0 = Debug|Any CPU
		{C1609DB6-87D3-424A-99D5-0663AAEC3E62}.Release|Any CPU.ActiveCfg = Release|Any CPU
		{C1609DB6-87D3-424A-99D5-0663AAEC3E62}.Release|Any CPU.Build.0 = Release|Any CPU
		{20E32086-6ED4-4B8C-B9D7-810E807D5AA7}.Debug|Any CPU.ActiveCfg = Debug|Any CPU
		{20E32086-6ED4-4B8C-B9D7-810E807D5AA7}.Debug|Any CPU.Build.0 = Debug|Any CPU
		{20E32086-6ED4-4B8C-B9D7-810E807D5AA7}.Release|Any CPU.ActiveCfg = Release|Any CPU
		{20E32086-6ED4-4B8C-B9D7-810E807D5AA7}.Release|Any CPU.Build.0 = Release|Any CPU
		{369A0380-2CE0-481C-9BF4-709A677A1DB6}.Debug|Any CPU.ActiveCfg = Debug|Any CPU
		{369A0380-2CE0-481C-9BF4-709A677A1DB6}.Debug|Any CPU.Build.0 = Debug|Any CPU
		{369A0380-2CE0-481C-9BF4-709A677A1DB6}.Release|Any CPU.ActiveCfg = Release|Any CPU
		{369A0380-2CE0-481C-9BF4-709A677A1DB6}.Release|Any CPU.Build.0 = Release|Any CPU
	EndGlobalSection
	GlobalSection(SolutionProperties) = preSolution
		HideSolutionNode = FALSE
	EndGlobalSection
	GlobalSection(ExtensibilityGlobals) = postSolution
		SolutionGuid = {FA6D53EA-006C-4EFF-8455-819A7B60F5EB}
	EndGlobalSection
EndGlobal
